
Microsoft Visual Studio Solution File, Format Version 12.00
# Visual Studio Version 17
VisualStudioVersion = 17.8.34408.163
MinimumVisualStudioVersion = 10.0.40219.1
Project("{9A19103F-16F7-4668-BE54-9A1E7A4F7556}") = "Produtos.Api", "Produtos.Api\Produtos.Api.csproj", "{CB1A0B4D-244C-474E-9719-ED02F2D6BD56}"
EndProject
Project("{2150E333-8FDC-42A3-9474-1A3956D46DE8}") = "API", "API", "{F3287B0B-32AC-4558-AEF9-328EFFA813AD}"
EndProject
Project("{2150E333-8FDC-42A3-9474-1A3956D46DE8}") = "DOMAIN", "DOMAIN", "{2F8347EF-F93A-4C1F-9768-1F8EE2691ACC}"
EndProject
Project("{2150E333-8FDC-42A3-9474-1A3956D46DE8}") = "INFRASTRUCTURE", "INFRASTRUCTURE", "{12B05D90-20E3-4AB2-BC86-9B9CB7FAC399}"
EndProject
Project("{2150E333-8FDC-42A3-9474-1A3956D46DE8}") = "TESTS", "TESTS", "{9E19C62C-1E79-4F5D-B198-26C6FB600124}"
EndProject
Project("{9A19103F-16F7-4668-BE54-9A1E7A4F7556}") = "Produtos.Domain", "Produtos.Domain\Produtos.Domain.csproj", "{E9FD8DCE-3BFA-4840-9A60-7280F7A8F425}"
EndProject
Project("{9A19103F-16F7-4668-BE54-9A1E7A4F7556}") = "Produtos.Infra.Data", "Produtos.Infra.Data\Produtos.Infra.Data.csproj", "{BA9D2A31-BC1D-41BD-BAE9-12AC73E15742}"
EndProject
Project("{9A19103F-16F7-4668-BE54-9A1E7A4F7556}") = "Produtos.Tests", "Produtos.Tests\Produtos.Tests.csproj", "{1489A3F2-1628-4738-A650-47EBFC6F9EE3}"
EndProject
Project("{2150E333-8FDC-42A3-9474-1A3956D46DE8}") = "APPLICATION", "APPLICATION", "{BA36AC65-8DE9-4699-BF62-09F8F68D9C4B}"
EndProject
Project("{FAE04EC0-301F-11D3-BF4B-00C04F79EFBC}") = "Produtos.Application", "Produtos.Application\Produtos.Application.csproj", "{55548009-677D-496F-A9BE-BBAA62C77B33}"
EndProject
Global
	GlobalSection(SolutionConfigurationPlatforms) = preSolution
		Debug|Any CPU = Debug|Any CPU
		Release|Any CPU = Release|Any CPU
	EndGlobalSection
	GlobalSection(ProjectConfigurationPlatforms) = postSolution
		{CB1A0B4D-244C-474E-9719-ED02F2D6BD56}.Debug|Any CPU.ActiveCfg = Debug|Any CPU
		{CB1A0B4D-244C-474E-9719-ED02F2D6BD56}.Debug|Any CPU.Build.0 = Debug|Any CPU
		{CB1A0B4D-244C-474E-9719-ED02F2D6BD56}.Release|Any CPU.ActiveCfg = Release|Any CPU
		{CB1A0B4D-244C-474E-9719-ED02F2D6BD56}.Release|Any CPU.Build.0 = Release|Any CPU
		{E9FD8DCE-3BFA-4840-9A60-7280F7A8F425}.Debug|Any CPU.ActiveCfg = Debug|Any CPU
		{E9FD8DCE-3BFA-4840-9A60-7280F7A8F425}.Debug|Any CPU.Build.0 = Debug|Any CPU
		{E9FD8DCE-3BFA-4840-9A60-7280F7A8F425}.Release|Any CPU.ActiveCfg = Release|Any CPU
		{E9FD8DCE-3BFA-4840-9A60-7280F7A8F425}.Release|Any CPU.Build.0 = Release|Any CPU
		{BA9D2A31-BC1D-41BD-BAE9-12AC73E15742}.Debug|Any CPU.ActiveCfg = Debug|Any CPU
		{BA9D2A31-BC1D-41BD-BAE9-12AC73E15742}.Debug|Any CPU.Build.0 = Debug|Any CPU
		{BA9D2A31-BC1D-41BD-BAE9-12AC73E15742}.Release|Any CPU.ActiveCfg = Release|Any CPU
		{BA9D2A31-BC1D-41BD-BAE9-12AC73E15742}.Release|Any CPU.Build.0 = Release|Any CPU
		{1489A3F2-1628-4738-A650-47EBFC6F9EE3}.Debug|Any CPU.ActiveCfg = Debug|Any CPU
		{1489A3F2-1628-4738-A650-47EBFC6F9EE3}.Debug|Any CPU.Build.0 = Debug|Any CPU
		{1489A3F2-1628-4738-A650-47EBFC6F9EE3}.Release|Any CPU.ActiveCfg = Release|Any CPU
		{1489A3F2-1628-4738-A650-47EBFC6F9EE3}.Release|Any CPU.Build.0 = Release|Any CPU
		{55548009-677D-496F-A9BE-BBAA62C77B33}.Debug|Any CPU.ActiveCfg = Debug|Any CPU
		{55548009-677D-496F-A9BE-BBAA62C77B33}.Debug|Any CPU.Build.0 = Debug|Any CPU
		{55548009-677D-496F-A9BE-BBAA62C77B33}.Release|Any CPU.ActiveCfg = Release|Any CPU
		{55548009-677D-496F-A9BE-BBAA62C77B33}.Release|Any CPU.Build.0 = Release|Any CPU
	EndGlobalSection
	GlobalSection(SolutionProperties) = preSolution
		HideSolutionNode = FALSE
	EndGlobalSection
	GlobalSection(NestedProjects) = preSolution
		{CB1A0B4D-244C-474E-9719-ED02F2D6BD56} = {F3287B0B-32AC-4558-AEF9-328EFFA813AD}
		{E9FD8DCE-3BFA-4840-9A60-7280F7A8F425} = {2F8347EF-F93A-4C1F-9768-1F8EE2691ACC}
		{BA9D2A31-BC1D-41BD-BAE9-12AC73E15742} = {12B05D90-20E3-4AB2-BC86-9B9CB7FAC399}
		{1489A3F2-1628-4738-A650-47EBFC6F9EE3} = {9E19C62C-1E79-4F5D-B198-26C6FB600124}
		{55548009-677D-496F-A9BE-BBAA62C77B33} = {BA36AC65-8DE9-4699-BF62-09F8F68D9C4B}
	EndGlobalSection
	GlobalSection(ExtensibilityGlobals) = postSolution
		SolutionGuid = {5E64918E-2B01-4301-B6C9-C69B57D5488B}
	EndGlobalSection
EndGlobal
